
Microsoft Visual Studio Solution File, Format Version 12.00
# Visual Studio Version 17
VisualStudioVersion = 17.0.32014.148
MinimumVisualStudioVersion = 10.0.40219.1
Project("{FAE04EC0-301F-11D3-BF4B-00C04F79EFBC}") = "SinglyLinkedList", "SinglyLinkedList\SinglyLinkedList.csproj", "{DEAECF73-3229-4840-8B70-6DAADE76BC03}"
EndProject
Global
	GlobalSection(SolutionConfigurationPlatforms) = preSolution
		Debug|Any CPU = Debug|Any CPU
		Release|Any CPU = Release|Any CPU
	EndGlobalSection
	GlobalSection(ProjectConfigurationPlatforms) = postSolution
		{DEAECF73-3229-4840-8B70-6DAADE76BC03}.Debug|Any CPU.ActiveCfg = Debug|Any CPU
		{DEAECF73-3229-4840-8B70-6DAADE76BC03}.Debug|Any CPU.Build.0 = Debug|Any CPU
		{DEAECF73-3229-4840-8B70-6DAADE76BC03}.Release|Any CPU.ActiveCfg = Release|Any CPU
		{DEAECF73-3229-4840-8B70-6DAADE76BC03}.Release|Any CPU.Build.0 = Release|Any CPU
	EndGlobalSection
	GlobalSection(SolutionProperties) = preSolution
		HideSolutionNode = FALSE
	EndGlobalSection
	GlobalSection(ExtensibilityGlobals) = postSolution
		SolutionGuid = {6B1E39A3-BEF6-4360-9339-E2DDF0A76A37}
	EndGlobalSection
EndGlobal
